NeoBundleLock Apprentice a29fd4c0acf7862cc288f4894761ad5cecf6df53
NeoBundleLock BBCode--Dahn a01c392a1e0ae65f17a134336b9390c376a44886
NeoBundleLock Dockerfile.vim 5d9ad157fa499798435cb90efc6a30d88aa16462
NeoBundleLock EnhCommentify.vim 83dddeac4a506f17b9a4f048261f0322e5cbc6bb
NeoBundleLock L9 c822b05ee0886f9a9703227dc85a6d47612c4bf1
NeoBundleLock Trinity 8c6ac7ca4ab3b3aedf300b3d425276f12594d425
NeoBundleLock VST 5d864b620e1e1f5c44fd070200ecc8f51ee8cb8f
NeoBundleLock Vim-Jinja2-Syntax ce9edd3e4e6d97d5b4132470f2b5a1cd8cdf0f01
NeoBundleLock ag.vim 4a0dd6e190f446e5a016b44fdaa2feafc582918e
NeoBundleLock ansible-vim e5fa3719cdf99dadaae1d30cec927e7851ed601b
NeoBundleLock brew.vim c9ebcb808e85255ed869d515c78eeac1ef3333f9
NeoBundleLock c.vim 69f0368c7d8dac196bd94ddfa80d98b1cedc7eb0
NeoBundleLock calendar.vim--Matsumoto 9ce3ebc0018dc6fdaac8320002daf616685efc89
NeoBundleLock css3 3c74aeb176d6e231029abb05aa53b374d3ca7e4b
NeoBundleLock ctrlp.vim 564176f01d7f3f7f8ab452ff4e1f5314de7b0981
NeoBundleLock dash.vim 4b01b6cd20fb77089b4222133c791602d140d901
NeoBundleLock django.vim 39dde8e9f30c8682bb704652ed3ed52759025435
NeoBundleLock editorconfig-vim 20da80a280489732961b2d65ee708d2c5dbe20a4
NeoBundleLock emmet-vim 52f3af7ca8bc6a9988fcd80c7189591330fbcadd
NeoBundleLock html5.vim fccd580f5f11d576169ee347907c9fbd77af410a
NeoBundleLock indentLine 2a2617310b0fb4c0daf02be2ba465fada257f2d0
NeoBundleLock jQuery 895d237528151c373d71c99f4812eb45b094e7c8
NeoBundleLock jellybeans.vim e0b9ef9ff42b91133d7da5d36d2c264994cc3cdd
NeoBundleLock matchit.zip ced6c409c9beeb0b4142d21906606bd194411d1d
NeoBundleLock mru.vim 9f25db66393a6467fae0ac04ae6565e8471023c3
NeoBundleLock neobundle.vim 30c40ccbfc6371fb922eece6e0657eb5da9e479b
NeoBundleLock nerdtree 2e2b649232d6ae4d02d74793e5da0ee08480ad8d
NeoBundleLock nerdtree-git-plugin e71e62fb5ca3e49035a7f2a85c81e5b85b1cf138
NeoBundleLock nginx.vim 152bbb2dc00c2df37049ccf75f68f294208c72cb
NeoBundleLock php.vim 66a4486cc0d21c2b86cd4633931909efa06376bf
NeoBundleLock phpfolding.vim 3d5149e65131774d622e8f9c690f53857b9b04c4
NeoBundleLock python.vim--Vasiliev e309caf6a625df3e26a578e90ef922e2539f5122
NeoBundleLock pythoncomplete cf74ca3f94258eb9ebe1bc8345532c3eb443923d
NeoBundleLock syntastic cee74e0c1af934065fd1b3046e53cda76574f703
NeoBundleLock tabular 00e1e7fcdbc6d753e0bc8043e0d2546fa81bf367
NeoBundleLock tagbar 7b36c46d17d57db34fdb0adac9ba6382d0bb5e66
NeoBundleLock taglist.vim 53041fbc45398a9af631a20657e109707a455339
NeoBundleLock textile.vim 00541bdac375938ca013fdb39eab95a04e622bac
NeoBundleLock tlib_vim 5636472e5dba1a4104376ce6bd93cc2546e02483
NeoBundleLock vim-addon-mw-utils 0c5612fa31ee434ba055e21c76f456244b3b5109
NeoBundleLock vim-airline a710cb99dde8e6a5c83c6b09749c0999df62e836
NeoBundleLock vim-autocomplpop fafd7c15cf1301d98be9785561feffd53919d5ea
NeoBundleLock vim-coloresque 0c21b1469993e610600e88e734ffe90b9c10a514
NeoBundleLock vim-css-color 417eaf8a20a6208e34ff167f5636b20f8f812ed8
NeoBundleLock vim-css3-syntax bb70ca813d3ba174943990b445035985cafdce53
NeoBundleLock vim-easymotion 5c6f3cd9a713491e6b32752a05c45198aa91540a
NeoBundleLock vim-fugitive 50cc268d29c65738dab9eda8354d9387f1628519
NeoBundleLock vim-gitgutter b5f23e986747a6f4b1dc1196d2a5bd3dc7c8c2b6
NeoBundleLock vim-javascript-syntax 803d047526fea6676660bd7f903441247d7c9ba0
NeoBundleLock vim-markdown a3169545f330ec8080244c3ad755bb2211eca8a0
NeoBundleLock vim-misc 3e6b8fb6f03f13434543ce1f5d24f6a5d3f34f0b
NeoBundleLock vim-multiple-cursors 51d0717f63cc231f11b4b63ee5b611f589dce1b3
NeoBundleLock vim-notes e465a0a987dbacdf7291688215b8545f8584d409
NeoBundleLock vim-ragtag 9378cddc1c264f777af59f04e5b8d64eca8ee5fd
NeoBundleLock vim-sdcv 58b1c71faebb286e9859c2a9413e55e78c62bb11
NeoBundleLock vim-snipmate ee433e43c76c768c95ad6d9af67c4cd4b40f7eac
NeoBundleLock vim-snippets 71fc0ab423504aceae10f713d46ab87105cbb010
NeoBundleLock vim-surround e49d6c2459e0f5569ff2d533b4df995dd7f98313
NeoBundleLock vim-tomorrow-theme f45a2ca260d825b6aee72621f8f6158d815ac472
NeoBundleLock vimcdoc-tw e18a89953291c73e0df65581b9b3c095e5548973
NeoBundleLock vimwiki cb5c38a575bcdffa52747aef962dc9d61c7a8207
NeoBundleLock wmgraphviz.vim bd6aa23800df78fe7bee6c9250c2a13b6488ac2a
NeoBundleLock xterm-color-table.vim 9754e857e5f4fe1f8727106dcc682d21c29a51e4
